
Microsoft Visual Studio Solution File, Format Version 12.00
# Visual Studio Version 17
VisualStudioVersion = 17.7.34024.191
MinimumVisualStudioVersion = 10.0.40219.1
Project("{8BC9CEB8-8B4A-11D0-8D11-00A0C91BC942}") = "homework1", "homework1.vcxproj", "{3956C226-4536-4C58-834B-190E319667DD}"
EndProject
Global
	GlobalSection(SolutionConfigurationPlatforms) = preSolution
		Debug|x64 = Debug|x64
		Debug|x86 = Debug|x86
		Release|x64 = Release|x64
		Release|x86 = Release|x86
	EndGlobalSection
	GlobalSection(ProjectConfigurationPlatforms) = postSolution
		{3956C226-4536-4C58-834B-190E319667DD}.Debug|x64.ActiveCfg = Debug|x64
		{3956C226-4536-4C58-834B-190E319667DD}.Debug|x64.Build.0 = Debug|x64
		{3956C226-4536-4C58-834B-190E319667DD}.Debug|x86.ActiveCfg = Debug|Win32
		{3956C226-4536-4C58-834B-190E319667DD}.Debug|x86.Build.0 = Debug|Win32
		{3956C226-4536-4C58-834B-190E319667DD}.Release|x64.ActiveCfg = Release|x64
		{3956C226-4536-4C58-834B-190E319667DD}.Release|x64.Build.0 = Release|x64
		{3956C226-4536-4C58-834B-190E319667DD}.Release|x86.ActiveCfg = Release|Win32
		{3956C226-4536-4C58-834B-190E319667DD}.Release|x86.Build.0 = Release|Win32
	EndGlobalSection
	GlobalSection(SolutionProperties) = preSolution
		HideSolutionNode = FALSE
	EndGlobalSection
	GlobalSection(ExtensibilityGlobals) = postSolution
		SolutionGuid = {08354882-10E3-46EE-9C5F-DFDD44B58430}
	EndGlobalSection
EndGlobal
